
Microsoft Visual Studio Solution File, Format Version 12.00
# Visual Studio Version 17
VisualStudioVersion = 17.6.33815.320
MinimumVisualStudioVersion = 10.0.40219.1
Project("{FAE04EC0-301F-11D3-BF4B-00C04F79EFBC}") = "TitleTBDREAL", "TitleTBDREAL\TitleTBDREAL.csproj", "{DC454BD3-7B0A-40C3-810A-73BA7A8AE189}"
EndProject
Global
	GlobalSection(SolutionConfigurationPlatforms) = preSolution
		Debug|Any CPU = Debug|Any CPU
		Release|Any CPU = Release|Any CPU
	EndGlobalSection
	GlobalSection(ProjectConfigurationPlatforms) = postSolution
		{DC454BD3-7B0A-40C3-810A-73BA7A8AE189}.Debug|Any CPU.ActiveCfg = Debug|Any CPU
		{DC454BD3-7B0A-40C3-810A-73BA7A8AE189}.Debug|Any CPU.Build.0 = Debug|Any CPU
		{DC454BD3-7B0A-40C3-810A-73BA7A8AE189}.Release|Any CPU.ActiveCfg = Release|Any CPU
		{DC454BD3-7B0A-40C3-810A-73BA7A8AE189}.Release|Any CPU.Build.0 = Release|Any CPU
	EndGlobalSection
	GlobalSection(SolutionProperties) = preSolution
		HideSolutionNode = FALSE
	EndGlobalSection
	GlobalSection(ExtensibilityGlobals) = postSolution
		SolutionGuid = {45AE1479-279E-411A-8A31-D0B3499B4829}
	EndGlobalSection
EndGlobal
